
Microsoft Visual Studio Solution File, Format Version 12.00
# Visual Studio Version 17
VisualStudioVersion = 17.9.34622.214
MinimumVisualStudioVersion = 10.0.40219.1
Project("{FAE04EC0-301F-11D3-BF4B-00C04F79EFBC}") = "StarsAndDetails", "StarsAndDetails\StarsAndDetails.csproj", "{483800D2-376C-4D7F-98ED-8B3F777F2BCB}"
EndProject
Global
	GlobalSection(SolutionConfigurationPlatforms) = preSolution
		Debug|Any CPU = Debug|Any CPU
		Release|Any CPU = Release|Any CPU
	EndGlobalSection
	GlobalSection(ProjectConfigurationPlatforms) = postSolution
		{483800D2-376C-4D7F-98ED-8B3F777F2BCB}.Debug|Any CPU.ActiveCfg = Debug|Any CPU
		{483800D2-376C-4D7F-98ED-8B3F777F2BCB}.Debug|Any CPU.Build.0 = Debug|Any CPU
		{483800D2-376C-4D7F-98ED-8B3F777F2BCB}.Release|Any CPU.ActiveCfg = Release|Any CPU
		{483800D2-376C-4D7F-98ED-8B3F777F2BCB}.Release|Any CPU.Build.0 = Release|Any CPU
	EndGlobalSection
	GlobalSection(SolutionProperties) = preSolution
		HideSolutionNode = FALSE
	EndGlobalSection
	GlobalSection(ExtensibilityGlobals) = postSolution
		SolutionGuid = {57C55DCD-995B-42D4-B200-9D410623E9A3}
	EndGlobalSection
EndGlobal
